
Microsoft Visual Studio Solution File, Format Version 12.00
# Visual Studio Version 17
VisualStudioVersion = 17.14.36915.13 d17.14
MinimumVisualStudioVersion = 10.0.40219.1
Project("{FAE04EC0-301F-11D3-BF4B-00C04F79EFBC}") = "projeto_osint", "projeto_osint\projeto_osint.csproj", "{76B7C115-2DF9-4B89-B77D-3CC385C5A239}"
EndProject
Global
	GlobalSection(SolutionConfigurationPlatforms) = preSolution
		Debug|Any CPU = Debug|Any CPU
		Release|Any CPU = Release|Any CPU
	EndGlobalSection
	GlobalSection(ProjectConfigurationPlatforms) = postSolution
		{76B7C115-2DF9-4B89-B77D-3CC385C5A239}.Debug|Any CPU.ActiveCfg = Debug|Any CPU
		{76B7C115-2DF9-4B89-B77D-3CC385C5A239}.Debug|Any CPU.Build.0 = Debug|Any CPU
		{76B7C115-2DF9-4B89-B77D-3CC385C5A239}.Release|Any CPU.ActiveCfg = Release|Any CPU
		{76B7C115-2DF9-4B89-B77D-3CC385C5A239}.Release|Any CPU.Build.0 = Release|Any CPU
	EndGlobalSection
	GlobalSection(SolutionProperties) = preSolution
		HideSolutionNode = FALSE
	EndGlobalSection
	GlobalSection(ExtensibilityGlobals) = postSolution
		SolutionGuid = {0CA93CD4-6885-45E1-9F00-ECA360EB3493}
	EndGlobalSection
EndGlobal
